{
	"name": "EEP_convert_anl3_file",
	"version": "1.0.0",
	"lockfileVersion": 1,
	"requires": true,
	"dependencies": {
		"rematrix": {
			"version": "0.7.0",
			"resolved": "https://registry.npmjs.org/rematrix/-/rematrix-0.7.0.tgz",
			"integrity": "sha512-AHRKw9aDAd89RphqfZMU83bZ6sMbJcCJnqIIBmjhGTAfwjXzkWXMYusPjMOl0mq8AwXRXZlceAXS7Uet822ARw=="
		},
		"svg-pan-zoom": {
			"version": "3.6.1",
			"resolved": "https://registry.npmjs.org/svg-pan-zoom/-/svg-pan-zoom-3.6.1.tgz",
			"integrity": "sha512-JaKkGHHfGvRrcMPdJWkssLBeWqM+Isg/a09H7kgNNajT1cX5AztDTNs+C8UzpCxjCTRrG34WbquwaovZbmSk9g=="
		},
		"toolwindow": {
			"version": "1.0.25",
			"resolved": "https://registry.npmjs.org/toolwindow/-/toolwindow-1.0.25.tgz",
			"integrity": "sha512-J0p2FMtksrQPuBsUi07xL2ByvhUFMwAkCcvxTY1Gv3qpJonS6kqF0nxcb+qX90rFDJYSUe9o3MemJxJJ/Y09jg=="
		}
	}
}
