{
	"name": "EEP_convert_anl3_file",
	"version": "1.0.0",
	"lockfileVersion": 3,
	"requires": true,
	"packages": {
		"": {
			"name": "EEP_convert_anl3_file",
			"version": "1.0.0",
			"dependencies": {
				"svg-pan-zoom": "^3.6.2",
				"tablefilter": "^0.7.2",
				"toolwindow": "^1.0.25"
			}
		},
		"node_modules/svg-pan-zoom": {
			"version": "3.6.2",
			"resolved": "https://registry.npmjs.org/svg-pan-zoom/-/svg-pan-zoom-3.6.2.tgz",
			"integrity": "sha512-JwnvRWfVKw/Xzfe6jriFyfey/lWJLq4bUh2jwoR5ChWQuQoOH8FEh1l/bEp46iHHKHEJWIyFJETbazraxNWECg==",
			"license": "BSD-2-Clause"
		},
		"node_modules/tablefilter": {
			"version": "0.7.2",
			"resolved": "https://registry.npmjs.org/tablefilter/-/tablefilter-0.7.2.tgz",
			"integrity": "sha512-nG+y7DQiMVU+/JmOosxcLw5N0o2PLPDx4JHQgp1TDg2leH6g5xswR4Ikl3bCzpggEchgc9IGnSm4wVFNp3qg2Q==",
			"license": "MIT"
		},
		"node_modules/toolwindow": {
			"version": "1.0.25",
			"resolved": "https://registry.npmjs.org/toolwindow/-/toolwindow-1.0.25.tgz",
			"integrity": "sha512-J0p2FMtksrQPuBsUi07xL2ByvhUFMwAkCcvxTY1Gv3qpJonS6kqF0nxcb+qX90rFDJYSUe9o3MemJxJJ/Y09jg==",
			"license": "BSD-3-Clause",
			"bin": {
				"toolwindow.css": "dist/toolwindow.css",
				"toolwindow.js": "dist/toolwindow.js",
				"toolwindow.min.js": "dist/toolwindow.min.js"
			}
		}
	}
}